
Microsoft Visual Studio Solution File, Format Version 12.00
# Visual Studio Version 17
VisualStudioVersion = 17.0.31903.59
MinimumVisualStudioVersion = 10.0.40219.1
Project("{FAE04EC0-301F-11D3-BF4B-00C04F79EFBC}") = "AStar", "AStar\AStar.csproj", "{2F150ED2-5D6E-4964-AAFD-C707B48D1B54}"
EndProject
Project("{FAE04EC0-301F-11D3-BF4B-00C04F79EFBC}") = "Utility", "Utility\Utility.csproj", "{5B7FD14D-96D1-4799-BF24-27383C954D94}"
EndProject
Global
	GlobalSection(SolutionConfigurationPlatforms) = preSolution
		Debug|Any CPU = Debug|Any CPU
		Release|Any CPU = Release|Any CPU
	EndGlobalSection
	GlobalSection(SolutionProperties) = preSolution
		HideSolutionNode = FALSE
	EndGlobalSection
	GlobalSection(ProjectConfigurationPlatforms) = postSolution
		{2F150ED2-5D6E-4964-AAFD-C707B48D1B54}.Debug|Any CPU.ActiveCfg = Debug|Any CPU
		{2F150ED2-5D6E-4964-AAFD-C707B48D1B54}.Debug|Any CPU.Build.0 = Debug|Any CPU
		{2F150ED2-5D6E-4964-AAFD-C707B48D1B54}.Release|Any CPU.ActiveCfg = Release|Any CPU
		{2F150ED2-5D6E-4964-AAFD-C707B48D1B54}.Release|Any CPU.Build.0 = Release|Any CPU
		{5B7FD14D-96D1-4799-BF24-27383C954D94}.Debug|Any CPU.ActiveCfg = Debug|Any CPU
		{5B7FD14D-96D1-4799-BF24-27383C954D94}.Debug|Any CPU.Build.0 = Debug|Any CPU
		{5B7FD14D-96D1-4799-BF24-27383C954D94}.Release|Any CPU.ActiveCfg = Release|Any CPU
		{5B7FD14D-96D1-4799-BF24-27383C954D94}.Release|Any CPU.Build.0 = Release|Any CPU
	EndGlobalSection
EndGlobal
